// !$*UTF8*$!
{
	archiveVersion = 1;
	classes = {
	};
	objectVersion = 46;
	objects = {

/* Begin PBXBuildFile section */
		4533EEEA1EF59E3800BCA1E2 /* AppDelegate.swift in Sources */ = {isa = PBXBuildFile; fileRef = 4533EEE91EF59E3800BCA1E2 /* AppDelegate.swift */; };
		4533EEEC1EF59E3800BCA1E2 /* ViewController.swift in Sources */ = {isa = PBXBuildFile; fileRef = 4533EEEB1EF59E3800BCA1E2 /* ViewController.swift */; };
		4533EEEF1EF59E3800BCA1E2 /* Main.storyboard in Resources */ = {isa = PBXBuildFile; fileRef = 4533EEED1EF59E3800BCA1E2 /* Main.storyboard */; };
		4533EEF11EF59E3800BCA1E2 /* Assets.xcassets in Resources */ = {isa = PBXBuildFile; fileRef = 4533EEF01EF59E3800BCA1E2 /* Assets.xcassets */; };
		4533EEF41EF59E3800BCA1E2 /* LaunchScreen.storyboard in Resources */ = {isa = PBXBuildFile; fileRef = 4533EEF21EF59E3800BCA1E2 /* LaunchScreen.storyboard */; };
		4533EEFF1EF59E3900BCA1E2 /* LocationThingTests.swift in Sources */ = {isa = PBXBuildFile; fileRef = 4533EEFE1EF59E3900BCA1E2 /* LocationThingTests.swift */; };
		4533EF0A1EF59E3B00BCA1E2 /* LocationThingUITests.swift in Sources */ = {isa = PBXBuildFile; fileRef = 4533EF091EF59E3B00BCA1E2 /* LocationThingUITests.swift */; };
/* End PBXBuildFile section */

/* Begin PBXContainerItemProxy section */
		4533EEFB1EF59E3800BCA1E2 /* PBXContainerItemProxy */ = {
			isa = PBXContainerItemProxy;
			containerPortal = 4533EEDE1EF59E3700BCA1E2 /* Project object */;
			proxyType = 1;
			remoteGlobalIDString = 4533EEE51EF59E3700BCA1E2;
			remoteInfo = LocationThing;
		};
		4533EF061EF59E3B00BCA1E2 /* PBXContainerItemProxy */ = {
			isa = PBXContainerItemProxy;
			containerPortal = 4533EEDE1EF59E3700BCA1E2 /* Project object */;
			proxyType = 1;
			remoteGlobalIDString = 4533EEE51EF59E3700BCA1E2;
			remoteInfo = LocationThing;
		};
/* End PBXContainerItemProxy section */

/* Begin PBXFileReference section */
		4533EEE61EF59E3700BCA1E2 /* LocationThing.app */ = {isa = PBXFileReference; explicitFileType = wrapper.application; includeInIndex = 0; path = LocationThing.app; sourceTree = BUILT_PRODUCTS_DIR; };
		4533EEE91EF59E3800BCA1E2 /* AppDelegate.swift */ = {isa = PBXFileReference; lastKnownFileType = sourcecode.swift; path = AppDelegate.swift; sourceTree = "<group>"; };
		4533EEEB1EF59E3800BCA1E2 /* ViewController.swift */ = {isa = PBXFileReference; lastKnownFileType = sourcecode.swift; path = ViewController.swift; sourceTree = "<group>"; };
		4533EEEE1EF59E3800BCA1E2 /* Base */ = {isa = PBXFileReference; lastKnownFileType = file.storyboard; name = Base; path = Base.lproj/Main.storyboard; sourceTree = "<group>"; };
		4533EEF01EF59E3800BCA1E2 /* Assets.xcassets */ = {isa = PBXFileReference; lastKnownFileType = folder.assetcatalog; path = Assets.xcassets; sourceTree = "<group>"; };
		4533EEF31EF59E3800BCA1E2 /* Base */ = {isa = PBXFileReference; lastKnownFileType = file.storyboard; name = Base; path = Base.lproj/LaunchScreen.storyboard; sourceTree = "<group>"; };
		4533EEF51EF59E3800BCA1E2 /* Info.plist */ = {isa = PBXFileReference; lastKnownFileType = text.plist.xml; path = Info.plist; sourceTree = "<group>"; };
		4533EEFA1EF59E3800BCA1E2 /* LocationThingTests.xctest */ = {isa = PBXFileReference; explicitFileType = wrapper.cfbundle; includeInIndex = 0; path = LocationThingTests.xctest; sourceTree = BUILT_PRODUCTS_DIR; };
		4533EEFE1EF59E3900BCA1E2 /* LocationThingTests.swift */ = {isa = PBXFileReference; lastKnownFileType = sourcecode.swift; path = LocationThingTests.swift; sourceTree = "<group>"; };
		4533EF001EF59E3B00BCA1E2 /* Info.plist */ = {isa = PBXFileReference; lastKnownFileType = text.plist.xml; path = Info.plist; sourceTree = "<group>"; };
		4533EF051EF59E3B00BCA1E2 /* LocationThingUITests.xctest */ = {isa = PBXFileReference; explicitFileType = wrapper.cfbundle; includeInIndex = 0; path = LocationThingUITests.xctest; sourceTree = BUILT_PRODUCTS_DIR; };
		4533EF091EF59E3B00BCA1E2 /* LocationThingUITests.swift */ = {isa = PBXFileReference; lastKnownFileType = sourcecode.swift; path = LocationThingUITests.swift; sourceTree = "<group>"; };
		4533EF0B1EF59E3C00BCA1E2 /* Info.plist */ = {isa = PBXFileReference; lastKnownFileType = text.plist.xml; path = Info.plist; sourceTree = "<group>"; };
/* End PBXFileReference section */

/* Begin PBXFrameworksBuildPhase section */
		4533EEE31EF59E3700BCA1E2 /* Frameworks */ = {
			isa = PBXFrameworksBuildPhase;
			buildActionMask = 2147483647;
			files = (
			);
			runOnlyForDeploymentPostprocessing = 0;
		};
		4533EEF71EF59E3800BCA1E2 /* Frameworks */ = {
			isa = PBXFrameworksBuildPhase;
			buildActionMask = 2147483647;
			files = (
			);
			runOnlyForDeploymentPostprocessing = 0;
		};
		4533EF021EF59E3B00BCA1E2 /* Frameworks */ = {
			isa = PBXFrameworksBuildPhase;
			buildActionMask = 2147483647;
			files = (
			);
			runOnlyForDeploymentPostprocessing = 0;
		};
/* End PBXFrameworksBuildPhase section */

/* Begin PBXGroup section */
		4533EEDD1EF59E3700BCA1E2 = {
			isa = PBXGroup;
			children = (
				4533EEE81EF59E3700BCA1E2 /* LocationThing */,
				4533EEFD1EF59E3800BCA1E2 /* LocationThingTests */,
				4533EF081EF59E3B00BCA1E2 /* LocationThingUITests */,
				4533EEE71EF59E3700BCA1E2 /* Products */,
			);
			sourceTree = "<group>";
		};
		4533EEE71EF59E3700BCA1E2 /* Products */ = {
			isa = PBXGroup;
			children = (
				4533EEE61EF59E3700BCA1E2 /* LocationThing.app */,
				4533EEFA1EF59E3800BCA1E2 /* LocationThingTests.xctest */,
				4533EF051EF59E3B00BCA1E2 /* LocationThingUITests.xctest */,
			);
			name = Products;
			sourceTree = "<group>";
		};
		4533EEE81EF59E3700BCA1E2 /* LocationThing */ = {
			isa = PBXGroup;
			children = (
				4533EEE91EF59E3800BCA1E2 /* AppDelegate.swift */,
				4533EEEB1EF59E3800BCA1E2 /* ViewController.swift */,
				4533EEED1EF59E3800BCA1E2 /* Main.storyboard */,
				4533EEF01EF59E3800BCA1E2 /* Assets.xcassets */,
				4533EEF21EF59E3800BCA1E2 /* LaunchScreen.storyboard */,
				4533EEF51EF59E3800BCA1E2 /* Info.plist */,
			);
			path = LocationThing;
			sourceTree = "<group>";
		};
		4533EEFD1EF59E3800BCA1E2 /* LocationThingTests */ = {
			isa = PBXGroup;
			children = (
				4533EEFE1EF59E3900BCA1E2 /* LocationThingTests.swift */,
				4533EF001EF59E3B00BCA1E2 /* Info.plist */,
			);
			path = LocationThingTests;
			sourceTree = "<group>";
		};
		4533EF081EF59E3B00BCA1E2 /* LocationThingUITests */ = {
			isa = PBXGroup;
			children = (
				4533EF091EF59E3B00BCA1E2 /* LocationThingUITests.swift */,
				4533EF0B1EF59E3C00BCA1E2 /* Info.plist */,
			);
			path = LocationThingUITests;
			sourceTree = "<group>";
		};
/* End PBXGroup section */

/* Begin PBXNativeTarget section */
		4533EEE51EF59E3700BCA1E2 /* LocationThing */ = {
			isa = PBXNativeTarget;
			buildConfigurationList = 4533EF0E1EF59E3C00BCA1E2 /* Build configuration list for PBXNativeTarget "LocationThing" */;
			buildPhases = (
				4533EEE21EF59E3700BCA1E2 /* Sources */,
				4533EEE31EF59E3700BCA1E2 /* Frameworks */,
				4533EEE41EF59E3700BCA1E2 /* Resources */,
			);
			buildRules = (
			);
			dependencies = (
			);
			name = LocationThing;
			productName = LocationThing;
			productReference = 4533EEE61EF59E3700BCA1E2 /* LocationThing.app */;
			productType = "com.apple.product-type.application";
		};
		4533EEF91EF59E3800BCA1E2 /* LocationThingTests */ = {
			isa = PBXNativeTarget;
			buildConfigurationList = 4533EF111EF59E3C00BCA1E2 /* Build configuration list for PBXNativeTarget "LocationThingTests" */;
			buildPhases = (
				4533EEF61EF59E3800BCA1E2 /* Sources */,
				4533EEF71EF59E3800BCA1E2 /* Frameworks */,
				4533EEF81EF59E3800BCA1E2 /* Resources */,
			);
			buildRules = (
			);
			dependencies = (
				4533EEFC1EF59E3800BCA1E2 /* PBXTargetDependency */,
			);
			name = LocationThingTests;
			productName = LocationThingTests;
			productReference = 4533EEFA1EF59E3800BCA1E2 /* LocationThingTests.xctest */;
			productType = "com.apple.product-type.bundle.unit-test";
		};
		4533EF041EF59E3B00BCA1E2 /* LocationThingUITests */ = {
			isa = PBXNativeTarget;
			buildConfigurationList = 4533EF141EF59E3C00BCA1E2 /* Build configuration list for PBXNativeTarget "LocationThingUITests" */;
			buildPhases = (
				4533EF011EF59E3B00BCA1E2 /* Sources */,
				4533EF021EF59E3B00BCA1E2 /* Frameworks */,
				4533EF031EF59E3B00BCA1E2 /* Resources */,
			);
			buildRules = (
			);
			dependencies = (
				4533EF071EF59E3B00BCA1E2 /* PBXTargetDependency */,
			);
			name = LocationThingUITests;
			productName = LocationThingUITests;
			productReference = 4533EF051EF59E3B00BCA1E2 /* LocationThingUITests.xctest */;
			productType = "com.apple.product-type.bundle.ui-testing";
		};
/* End PBXNativeTarget section */

/* Begin PBXProject section */
		4533EEDE1EF59E3700BCA1E2 /* Project object */ = {
			isa = PBXProject;
			attributes = {
				LastSwiftUpdateCheck = 0830;
				LastUpgradeCheck = 0830;
				ORGANIZATIONNAME = "Jiangxuan Chen";
				TargetAttributes = {
					4533EEE51EF59E3700BCA1E2 = {
						CreatedOnToolsVersion = 8.3.3;
						ProvisioningStyle = Automatic;
					};
					4533EEF91EF59E3800BCA1E2 = {
						CreatedOnToolsVersion = 8.3.3;
						ProvisioningStyle = Automatic;
						TestTargetID = 4533EEE51EF59E3700BCA1E2;
					};
					4533EF041EF59E3B00BCA1E2 = {
						CreatedOnToolsVersion = 8.3.3;
						ProvisioningStyle = Automatic;
						TestTargetID = 4533EEE51EF59E3700BCA1E2;
					};
				};
			};
			buildConfigurationList = 4533EEE11EF59E3700BCA1E2 /* Build configuration list for PBXProject "LocationThing" */;
			compatibilityVersion = "Xcode 3.2";
			developmentRegion = English;
			hasScannedForEncodings = 0;
			knownRegions = (
				en,
				Base,
			);
			mainGroup = 4533EEDD1EF59E3700BCA1E2;
			productRefGroup = 4533EEE71EF59E3700BCA1E2 /* Products */;
			projectDirPath = "";
			projectRoot = "";
			targets = (
				4533EEE51EF59E3700BCA1E2 /* LocationThing */,
				4533EEF91EF59E3800BCA1E2 /* LocationThingTests */,
				4533EF041EF59E3B00BCA1E2 /* LocationThingUITests */,
			);
		};
/* End PBXProject section */

/* Begin PBXResourcesBuildPhase section */
		4533EEE41EF59E3700BCA1E2 /* Resources */ = {
			isa = PBXResourcesBuildPhase;
			buildActionMask = 2147483647;
			files = (
				4533EEF41EF59E3800BCA1E2 /* LaunchScreen.storyboard in Resources */,
				4533EEF11EF59E3800BCA1E2 /* Assets.xcassets in Resources */,
				4533EEEF1EF59E3800BCA1E2 /* Main.storyboard in Resources */,
			);
			runOnlyForDeploymentPostprocessing = 0;
		};
		4533EEF81EF59E3800BCA1E2 /* Resources */ = {
			isa = PBXResourcesBuildPhase;
			buildActionMask = 2147483647;
			files = (
			);
			runOnlyForDeploymentPostprocessing = 0;
		};
		4533EF031EF59E3B00BCA1E2 /* Resources */ = {
			isa = PBXResourcesBuildPhase;
			buildActionMask = 2147483647;
			files = (
			);
			runOnlyForDeploymentPostprocessing = 0;
		};
/* End PBXResourcesBuildPhase section */

/* Begin PBXSourcesBuildPhase section */
		4533EEE21EF59E3700BCA1E2 /* Sources */ = {
			isa = PBXSourcesBuildPhase;
			buildActionMask = 2147483647;
			files = (
				4533EEEC1EF59E3800BCA1E2 /* ViewController.swift in Sources */,
				4533EEEA1EF59E3800BCA1E2 /* AppDelegate.swift in Sources */,
			);
			runOnlyForDeploymentPostprocessing = 0;
		};
		4533EEF61EF59E3800BCA1E2 /* Sources */ = {
			isa = PBXSourcesBuildPhase;
			buildActionMask = 2147483647;
			files = (
				4533EEFF1EF59E3900BCA1E2 /* LocationThingTests.swift in Sources */,
			);
			runOnlyForDeploymentPostprocessing = 0;
		};
		4533EF011EF59E3B00BCA1E2 /* Sources */ = {
			isa = PBXSourcesBuildPhase;
			buildActionMask = 2147483647;
			files = (
				4533EF0A1EF59E3B00BCA1E2 /* LocationThingUITests.swift in Sources */,
			);
			runOnlyForDeploymentPostprocessing = 0;
		};
/* End PBXSourcesBuildPhase section */

/* Begin PBXTargetDependency section */
		4533EEFC1EF59E3800BCA1E2 /* PBXTargetDependency */ = {
			isa = PBXTargetDependency;
			target = 4533EEE51EF59E3700BCA1E2 /* LocationThing */;
			targetProxy = 4533EEFB1EF59E3800BCA1E2 /* PBXContainerItemProxy */;
		};
		4533EF071EF59E3B00BCA1E2 /* PBXTargetDependency */ = {
			isa = PBXTargetDependency;
			target = 4533EEE51EF59E3700BCA1E2 /* LocationThing */;
			targetProxy = 4533EF061EF59E3B00BCA1E2 /* PBXContainerItemProxy */;
		};
/* End PBXTargetDependency section */

/* Begin PBXVariantGroup section */
		4533EEED1EF59E3800BCA1E2 /* Main.storyboard */ = {
			isa = PBXVariantGroup;
			children = (
				4533EEEE1EF59E3800BCA1E2 /* Base */,
			);
			name = Main.storyboard;
			sourceTree = "<group>";
		};
		4533EEF21EF59E3800BCA1E2 /* LaunchScreen.storyboard */ = {
			isa = PBXVariantGroup;
			children = (
				4533EEF31EF59E3800BCA1E2 /* Base */,
			);
			name = LaunchScreen.storyboard;
			sourceTree = "<group>";
		};
/* End PBXVariantGroup section */

/* Begin XCBuildConfiguration section */
		4533EF0C1EF59E3C00BCA1E2 /* Debug */ = {
			isa = XCBuildConfiguration;
			buildSettings = {
				ALWAYS_SEARCH_USER_PATHS = NO;
				CLANG_ANALYZER_NONNULL = YES;
				CLANG_ANALYZER_NUMBER_OBJECT_CONVERSION = YES_AGGRESSIVE;
				CLANG_CXX_LANGUAGE_STANDARD = "gnu++0x";
				CLANG_CXX_LIBRARY = "libc++";
				CLANG_ENABLE_MODULES = YES;
				CLANG_ENABLE_OBJC_ARC = YES;
				CLANG_WARN_BOOL_CONVERSION = YES;
				CLANG_WARN_CONSTANT_CONVERSION = YES;
				CLANG_WARN_DIRECT_OBJC_ISA_USAGE = YES_ERROR;
				CLANG_WARN_DOCUMENTATION_COMMENTS = YES;
				CLANG_WARN_EMPTY_BODY = YES;
				CLANG_WARN_ENUM_CONVERSION = YES;
				CLANG_WARN_INFINITE_RECURSION = YES;
				CLANG_WARN_INT_CONVERSION = YES;
				CLANG_WARN_OBJC_ROOT_CLASS = YES_ERROR;
				CLANG_WARN_SUSPICIOUS_MOVE = YES;
				CLANG_WARN_UNREACHABLE_CODE = YES;
				CLANG_WARN__DUPLICATE_METHOD_MATCH = YES;
				"CODE_SIGN_IDENTITY[sdk=iphoneos*]" = "iPhone Developer";
				COPY_PHASE_STRIP = NO;
				DEBUG_INFORMATION_FORMAT = dwarf;
				ENABLE_STRICT_OBJC_MSGSEND = YES;
				ENABLE_TESTABILITY = YES;
				GCC_C_LANGUAGE_STANDARD = gnu99;
				GCC_DYNAMIC_NO_PIC = NO;
				GCC_NO_COMMON_BLOCKS = YES;
				GCC_OPTIMIZATION_LEVEL = 0;
				GCC_PREPROCESSOR_DEFINITIONS = (
					"DEBUG=1",
					"$(inherited)",
				);
				GCC_WARN_64_TO_32_BIT_CONVERSION = YES;
				GCC_WARN_ABOUT_RETURN_TYPE = YES_ERROR;
				GCC_WARN_UNDECLARED_SELECTOR = YES;
				GCC_WARN_UNINITIALIZED_AUTOS = YES_AGGRESSIVE;
				GCC_WARN_UNUSED_FUNCTION = YES;
				GCC_WARN_UNUSED_VARIABLE = YES;
				IPHONEOS_DEPLOYMENT_TARGET = 10.3;
				MTL_ENABLE_DEBUG_INFO = YES;
				ONLY_ACTIVE_ARCH = YES;
				SDKROOT = iphoneos;
				SWIFT_ACTIVE_COMPILATION_CONDITIONS = DEBUG;
				SWIFT_OPTIMIZATION_LEVEL = "-Onone";
				TARGETED_DEVICE_FAMILY = "1,2";
			};
			name = Debug;
		};
		4533EF0D1EF59E3C00BCA1E2 /* Release */ = {
			isa = XCBuildConfiguration;
			buildSettings = {
				ALWAYS_SEARCH_USER_PATHS = NO;
				CLANG_ANALYZER_NONNULL = YES;
				CLANG_ANALYZER_NUMBER_OBJECT_CONVERSION = YES_AGGRESSIVE;
				CLANG_CXX_LANGUAGE_STANDARD = "gnu++0x";
				CLANG_CXX_LIBRARY = "libc++";
				CLANG_ENABLE_MODULES = YES;
				CLANG_ENABLE_OBJC_ARC = YES;
				CLANG_WARN_BOOL_CONVERSION = YES;
				CLANG_WARN_CONSTANT_CONVERSION = YES;
				CLANG_WARN_DIRECT_OBJC_ISA_USAGE = YES_ERROR;
				CLANG_WARN_DOCUMENTATION_COMMENTS = YES;
				CLANG_WARN_EMPTY_BODY = YES;
				CLANG_WARN_ENUM_CONVERSION = YES;
				CLANG_WARN_INFINITE_RECURSION = YES;
				CLANG_WARN_INT_CONVERSION = YES;
				CLANG_WARN_OBJC_ROOT_CLASS = YES_ERROR;
				CLANG_WARN_SUSPICIOUS_MOVE = YES;
				CLANG_WARN_UNREACHABLE_CODE = YES;
				CLANG_WARN__DUPLICATE_METHOD_MATCH = YES;
				"CODE_SIGN_IDENTITY[sdk=iphoneos*]" = "iPhone Developer";
				COPY_PHASE_STRIP = NO;
				DEBUG_INFORMATION_FORMAT = "dwarf-with-dsym";
				ENABLE_NS_ASSERTIONS = NO;
				ENABLE_STRICT_OBJC_MSGSEND = YES;
				GCC_C_LANGUAGE_STANDARD = gnu99;
				GCC_NO_COMMON_BLOCKS = YES;
				GCC_WARN_64_TO_32_BIT_CONVERSION = YES;
				GCC_WARN_ABOUT_RETURN_TYPE = YES_ERROR;
				GCC_WARN_UNDECLARED_SELECTOR = YES;
				GCC_WARN_UNINITIALIZED_AUTOS = YES_AGGRESSIVE;
				GCC_WARN_UNUSED_FUNCTION = YES;
				GCC_WARN_UNUSED_VARIABLE = YES;
				IPHONEOS_DEPLOYMENT_TARGET = 10.3;
				MTL_ENABLE_DEBUG_INFO = NO;
				SDKROOT = iphoneos;
				SWIFT_OPTIMIZATION_LEVEL = "-Owholemodule";
				TARGETED_DEVICE_FAMILY = "1,2";
				VALIDATE_PRODUCT = YES;
			};
			name = Release;
		};
		4533EF0F1EF59E3C00BCA1E2 /* Debug */ = {
			isa = XCBuildConfiguration;
			buildSettings = {
				ASSETCATALOG_COMPILER_APPICON_NAME = AppIcon;
				INFOPLIST_FILE = LocationThing/Info.plist;
				LD_RUNPATH_SEARCH_PATHS = "$(inherited) @executable_path/Frameworks";
				PRODUCT_BUNDLE_IDENTIFIER = "imperial-drone-society.LocationThing";
				PRODUCT_NAME = "$(TARGET_NAME)";
				SWIFT_VERSION = 3.0;
			};
			name = Debug;
		};
		4533EF101EF59E3C00BCA1E2 /* Release */ = {
			isa = XCBuildConfiguration;
			buildSettings = {
				ASSETCATALOG_COMPILER_APPICON_NAME = AppIcon;
				INFOPLIST_FILE = LocationThing/Info.plist;
				LD_RUNPATH_SEARCH_PATHS = "$(inherited) @executable_path/Frameworks";
				PRODUCT_BUNDLE_IDENTIFIER = "imperial-drone-society.LocationThing";
				PRODUCT_NAME = "$(TARGET_NAME)";
				SWIFT_VERSION = 3.0;
			};
			name = Release;
		};
		4533EF121EF59E3C00BCA1E2 /* Debug */ = {
			isa = XCBuildConfiguration;
			buildSettings = {
				ALWAYS_EMBED_SWIFT_STANDARD_LIBRARIES = YES;
				BUNDLE_LOADER = "$(TEST_HOST)";
				INFOPLIST_FILE = LocationThingTests/Info.plist;
				LD_RUNPATH_SEARCH_PATHS = "$(inherited) @executable_path/Frameworks @loader_path/Frameworks";
				PRODUCT_BUNDLE_IDENTIFIER = "imperial-drone-society.LocationThingTests";
				PRODUCT_NAME = "$(TARGET_NAME)";
				SWIFT_VERSION = 3.0;
				TEST_HOST = "$(BUILT_PRODUCTS_DIR)/LocationThing.app/LocationThing";
			};
			name = Debug;
		};
		4533EF131EF59E3C00BCA1E2 /* Release */ = {
			isa = XCBuildConfiguration;
			buildSettings = {
				ALWAYS_EMBED_SWIFT_STANDARD_LIBRARIES = YES;
				BUNDLE_LOADER = "$(TEST_HOST)";
				INFOPLIST_FILE = LocationThingTests/Info.plist;
				LD_RUNPATH_SEARCH_PATHS = "$(inherited) @executable_path/Frameworks @loader_path/Frameworks";
				PRODUCT_BUNDLE_IDENTIFIER = "imperial-drone-society.LocationThingTests";
				PRODUCT_NAME = "$(TARGET_NAME)";
				SWIFT_VERSION = 3.0;
				TEST_HOST = "$(BUILT_PRODUCTS_DIR)/LocationThing.app/LocationThing";
			};
			name = Release;
		};
		4533EF151EF59E3C00BCA1E2 /* Debug */ = {
			isa = XCBuildConfiguration;
			buildSettings = {
				ALWAYS_EMBED_SWIFT_STANDARD_LIBRARIES = YES;
				INFOPLIST_FILE = LocationThingUITests/Info.plist;
				LD_RUNPATH_SEARCH_PATHS = "$(inherited) @executable_path/Frameworks @loader_path/Frameworks";
				PRODUCT_BUNDLE_IDENTIFIER = "imperial-drone-society.LocationThingUITests";
				PRODUCT_NAME = "$(TARGET_NAME)";
				SWIFT_VERSION = 3.0;
				TEST_TARGET_NAME = LocationThing;
			};
			name = Debug;
		};
		4533EF161EF59E3C00BCA1E2 /* Release */ = {
			isa = XCBuildConfiguration;
			buildSettings = {
				ALWAYS_EMBED_SWIFT_STANDARD_LIBRARIES = YES;
				INFOPLIST_FILE = LocationThingUITests/Info.plist;
				LD_RUNPATH_SEARCH_PATHS = "$(inherited) @executable_path/Frameworks @loader_path/Frameworks";
				PRODUCT_BUNDLE_IDENTIFIER = "imperial-drone-society.LocationThingUITests";
				PRODUCT_NAME = "$(TARGET_NAME)";
				SWIFT_VERSION = 3.0;
				TEST_TARGET_NAME = LocationThing;
			};
			name = Release;
		};
/* End XCBuildConfiguration section */

/* Begin XCConfigurationList section */
		4533EEE11EF59E3700BCA1E2 /* Build configuration list for PBXProject "LocationThing" */ = {
			isa = XCConfigurationList;
			buildConfigurations = (
				4533EF0C1EF59E3C00BCA1E2 /* Debug */,
				4533EF0D1EF59E3C00BCA1E2 /* Release */,
			);
			defaultConfigurationIsVisible = 0;
			defaultConfigurationName = Release;
		};
		4533EF0E1EF59E3C00BCA1E2 /* Build configuration list for PBXNativeTarget "LocationThing" */ = {
			isa = XCConfigurationList;
			buildConfigurations = (
				4533EF0F1EF59E3C00BCA1E2 /* Debug */,
				4533EF101EF59E3C00BCA1E2 /* Release */,
			);
			defaultConfigurationIsVisible = 0;
		};
		4533EF111EF59E3C00BCA1E2 /* Build configuration list for PBXNativeTarget "LocationThingTests" */ = {
			isa = XCConfigurationList;
			buildConfigurations = (
				4533EF121EF59E3C00BCA1E2 /* Debug */,
				4533EF131EF59E3C00BCA1E2 /* Release */,
			);
			defaultConfigurationIsVisible = 0;
		};
		4533EF141EF59E3C00BCA1E2 /* Build configuration list for PBXNativeTarget "LocationThingUITests" */ = {
			isa = XCConfigurationList;
			buildConfigurations = (
				4533EF151EF59E3C00BCA1E2 /* Debug */,
				4533EF161EF59E3C00BCA1E2 /* Release */,
			);
			defaultConfigurationIsVisible = 0;
		};
/* End XCConfigurationList section */
	};
	rootObject = 4533EEDE1EF59E3700BCA1E2 /* Project object */;
}
